
Microsoft Visual Studio Solution File, Format Version 12.00
# Visual Studio Version 17
VisualStudioVersion = 17.8.34330.188
MinimumVisualStudioVersion = 10.0.40219.1
Project("{8BC9CEB8-8B4A-11D0-8D11-00A0C91BC942}") = "C_Calculator_GUI", "C_Calculator_GUI\C_Calculator_GUI.vcxproj", "{94377FF6-F39D-4A6D-B8F7-0CD31D47DA1F}"
EndProject
Global
	GlobalSection(SolutionConfigurationPlatforms) = preSolution
		Debug|x64 = Debug|x64
		Debug|x86 = Debug|x86
		Release|x64 = Release|x64
		Release|x86 = Release|x86
	EndGlobalSection
	GlobalSection(ProjectConfigurationPlatforms) = postSolution
		{94377FF6-F39D-4A6D-B8F7-0CD31D47DA1F}.Debug|x64.ActiveCfg = Debug|x64
		{94377FF6-F39D-4A6D-B8F7-0CD31D47DA1F}.Debug|x64.Build.0 = Debug|x64
		{94377FF6-F39D-4A6D-B8F7-0CD31D47DA1F}.Debug|x86.ActiveCfg = Debug|Win32
		{94377FF6-F39D-4A6D-B8F7-0CD31D47DA1F}.Debug|x86.Build.0 = Debug|Win32
		{94377FF6-F39D-4A6D-B8F7-0CD31D47DA1F}.Release|x64.ActiveCfg = Release|x64
		{94377FF6-F39D-4A6D-B8F7-0CD31D47DA1F}.Release|x64.Build.0 = Release|x64
		{94377FF6-F39D-4A6D-B8F7-0CD31D47DA1F}.Release|x86.ActiveCfg = Release|Win32
		{94377FF6-F39D-4A6D-B8F7-0CD31D47DA1F}.Release|x86.Build.0 = Release|Win32
	EndGlobalSection
	GlobalSection(SolutionProperties) = preSolution
		HideSolutionNode = FALSE
	EndGlobalSection
	GlobalSection(ExtensibilityGlobals) = postSolution
		SolutionGuid = {751C4D16-E253-4697-ADFE-696F4C27D2D4}
	EndGlobalSection
EndGlobal
